
Microsoft Visual Studio Solution File, Format Version 12.00
# Visual Studio Version 17
VisualStudioVersion = 17.7.34202.233
MinimumVisualStudioVersion = 10.0.40219.1
Project("{FAE04EC0-301F-11D3-BF4B-00C04F79EFBC}") = "BrithdayYear", "BrithdayYear\BrithdayYear.csproj", "{63CF512F-FB92-4ABA-9AC8-CC9BC6A3116B}"
EndProject
Global
	GlobalSection(SolutionConfigurationPlatforms) = preSolution
		Debug|Any CPU = Debug|Any CPU
		Release|Any CPU = Release|Any CPU
	EndGlobalSection
	GlobalSection(ProjectConfigurationPlatforms) = postSolution
		{63CF512F-FB92-4ABA-9AC8-CC9BC6A3116B}.Debug|Any CPU.ActiveCfg = Debug|Any CPU
		{63CF512F-FB92-4ABA-9AC8-CC9BC6A3116B}.Debug|Any CPU.Build.0 = Debug|Any CPU
		{63CF512F-FB92-4ABA-9AC8-CC9BC6A3116B}.Release|Any CPU.ActiveCfg = Release|Any CPU
		{63CF512F-FB92-4ABA-9AC8-CC9BC6A3116B}.Release|Any CPU.Build.0 = Release|Any CPU
	EndGlobalSection
	GlobalSection(SolutionProperties) = preSolution
		HideSolutionNode = FALSE
	EndGlobalSection
	GlobalSection(ExtensibilityGlobals) = postSolution
		SolutionGuid = {2B986FA0-399D-480E-97BB-3129E958090F}
	EndGlobalSection
EndGlobal
