
Microsoft Visual Studio Solution File, Format Version 12.00
# Visual Studio Version 17
VisualStudioVersion = 17.7.34202.233
MinimumVisualStudioVersion = 10.0.40219.1
Project("{FAE04EC0-301F-11D3-BF4B-00C04F79EFBC}") = "BMI", "BMI\BMI.csproj", "{ED7CA5AD-261A-4A05-95CB-3E4B8740EB1E}"
EndProject
Global
	GlobalSection(SolutionConfigurationPlatforms) = preSolution
		Debug|Any CPU = Debug|Any CPU
		Release|Any CPU = Release|Any CPU
	EndGlobalSection
	GlobalSection(ProjectConfigurationPlatforms) = postSolution
		{ED7CA5AD-261A-4A05-95CB-3E4B8740EB1E}.Debug|Any CPU.ActiveCfg = Debug|Any CPU
		{ED7CA5AD-261A-4A05-95CB-3E4B8740EB1E}.Debug|Any CPU.Build.0 = Debug|Any CPU
		{ED7CA5AD-261A-4A05-95CB-3E4B8740EB1E}.Release|Any CPU.ActiveCfg = Release|Any CPU
		{ED7CA5AD-261A-4A05-95CB-3E4B8740EB1E}.Release|Any CPU.Build.0 = Release|Any CPU
	EndGlobalSection
	GlobalSection(SolutionProperties) = preSolution
		HideSolutionNode = FALSE
	EndGlobalSection
	GlobalSection(ExtensibilityGlobals) = postSolution
		SolutionGuid = {15CCBDA8-61B8-4CC5-82F1-71F6A4AF98ED}
	EndGlobalSection
EndGlobal
